
Microsoft Visual Studio Solution File, Format Version 12.00
# Visual Studio 15
VisualStudioVersion = 15.0.27428.2002
MinimumVisualStudioVersion = 10.0.40219.1
Project("{FAE04EC0-301F-11D3-BF4B-00C04F79EFBC}") = "P01.PermutationsNoRep", "P01.PermutationsNoRep\P01.PermutationsNoRep.csproj", "{30DB335F-F6BB-4CC3-AD63-053F3514355F}"
EndProject
Project("{FAE04EC0-301F-11D3-BF4B-00C04F79EFBC}") = "P02.PermutationsWithRep", "PermutationsWithRep\P02.PermutationsWithRep.csproj", "{FC5FFF97-E31B-466D-B452-210351EC0F02}"
EndProject
Project("{FAE04EC0-301F-11D3-BF4B-00C04F79EFBC}") = "P03.VariationsNoRep", "P03.VariationsNoRep\P03.VariationsNoRep.csproj", "{C3BE865C-8B93-4BA6-941B-8336CBFAC0F9}"
EndProject
Project("{FAE04EC0-301F-11D3-BF4B-00C04F79EFBC}") = "P04.VariationsWithRep", "P04.VariationsWithRep\P04.VariationsWithRep.csproj", "{8C75AC32-77C8-4D32-AF11-DCF7ECBF5B6B}"
EndProject
Project("{FAE04EC0-301F-11D3-BF4B-00C04F79EFBC}") = "P05.CombinationsWithoutRep", "P05.CombinationsWithoutRep\P05.CombinationsWithoutRep.csproj", "{8A80E7B1-575C-47D1-8601-6E5228EE6454}"
EndProject
Project("{FAE04EC0-301F-11D3-BF4B-00C04F79EFBC}") = "P06.CombinationsWithRep", "P06.CombinationsWithRep\P06.CombinationsWithRep.csproj", "{785C4933-4E1A-4611-A89D-7914806B9043}"
EndProject
Project("{FAE04EC0-301F-11D3-BF4B-00C04F79EFBC}") = "P07.NChooseKcount", "P07.NChooseKcount\P07.NChooseKcount.csproj", "{A4E63BDF-CFAD-4EB0-B393-D6712A4FA3BF}"
EndProject
Global
	GlobalSection(SolutionConfigurationPlatforms) = preSolution
		Debug|Any CPU = Debug|Any CPU
		Release|Any CPU = Release|Any CPU
	EndGlobalSection
	GlobalSection(ProjectConfigurationPlatforms) = postSolution
		{30DB335F-F6BB-4CC3-AD63-053F3514355F}.Debug|Any CPU.ActiveCfg = Debug|Any CPU
		{30DB335F-F6BB-4CC3-AD63-053F3514355F}.Debug|Any CPU.Build.0 = Debug|Any CPU
		{30DB335F-F6BB-4CC3-AD63-053F3514355F}.Release|Any CPU.ActiveCfg = Release|Any CPU
		{30DB335F-F6BB-4CC3-AD63-053F3514355F}.Release|Any CPU.Build.0 = Release|Any CPU
		{FC5FFF97-E31B-466D-B452-210351EC0F02}.Debug|Any CPU.ActiveCfg = Debug|Any CPU
		{FC5FFF97-E31B-466D-B452-210351EC0F02}.Debug|Any CPU.Build.0 = Debug|Any CPU
		{FC5FFF97-E31B-466D-B452-210351EC0F02}.Release|Any CPU.ActiveCfg = Release|Any CPU
		{FC5FFF97-E31B-466D-B452-210351EC0F02}.Release|Any CPU.Build.0 = Release|Any CPU
		{C3BE865C-8B93-4BA6-941B-8336CBFAC0F9}.Debug|Any CPU.ActiveCfg = Debug|Any CPU
		{C3BE865C-8B93-4BA6-941B-8336CBFAC0F9}.Debug|Any CPU.Build.0 = Debug|Any CPU
		{C3BE865C-8B93-4BA6-941B-8336CBFAC0F9}.Release|Any CPU.ActiveCfg = Release|Any CPU
		{C3BE865C-8B93-4BA6-941B-8336CBFAC0F9}.Release|Any CPU.Build.0 = Release|Any CPU
		{8C75AC32-77C8-4D32-AF11-DCF7ECBF5B6B}.Debug|Any CPU.ActiveCfg = Debug|Any CPU
		{8C75AC32-77C8-4D32-AF11-DCF7ECBF5B6B}.Debug|Any CPU.Build.0 = Debug|Any CPU
		{8C75AC32-77C8-4D32-AF11-DCF7ECBF5B6B}.Release|Any CPU.ActiveCfg = Release|Any CPU
		{8C75AC32-77C8-4D32-AF11-DCF7ECBF5B6B}.Release|Any CPU.Build.0 = Release|Any CPU
		{8A80E7B1-575C-47D1-8601-6E5228EE6454}.Debug|Any CPU.ActiveCfg = Debug|Any CPU
		{8A80E7B1-575C-47D1-8601-6E5228EE6454}.Debug|Any CPU.Build.0 = Debug|Any CPU
		{8A80E7B1-575C-47D1-8601-6E5228EE6454}.Release|Any CPU.ActiveCfg = Release|Any CPU
		{8A80E7B1-575C-47D1-8601-6E5228EE6454}.Release|Any CPU.Build.0 = Release|Any CPU
		{785C4933-4E1A-4611-A89D-7914806B9043}.Debug|Any CPU.ActiveCfg = Debug|Any CPU
		{785C4933-4E1A-4611-A89D-7914806B9043}.Debug|Any CPU.Build.0 = Debug|Any CPU
		{785C4933-4E1A-4611-A89D-7914806B9043}.Release|Any CPU.ActiveCfg = Release|Any CPU
		{785C4933-4E1A-4611-A89D-7914806B9043}.Release|Any CPU.Build.0 = Release|Any CPU
		{A4E63BDF-CFAD-4EB0-B393-D6712A4FA3BF}.Debug|Any CPU.ActiveCfg = Debug|Any CPU
		{A4E63BDF-CFAD-4EB0-B393-D6712A4FA3BF}.Debug|Any CPU.Build.0 = Debug|Any CPU
		{A4E63BDF-CFAD-4EB0-B393-D6712A4FA3BF}.Release|Any CPU.ActiveCfg = Release|Any CPU
		{A4E63BDF-CFAD-4EB0-B393-D6712A4FA3BF}.Release|Any CPU.Build.0 = Release|Any CPU
	EndGlobalSection
	GlobalSection(SolutionProperties) = preSolution
		HideSolutionNode = FALSE
	EndGlobalSection
	GlobalSection(ExtensibilityGlobals) = postSolution
		SolutionGuid = {C19D6F60-0423-44E1-8C53-010C0C6BE8DA}
	EndGlobalSection
EndGlobal
