
Microsoft Visual Studio Solution File, Format Version 12.00
# Visual Studio 14
VisualStudioVersion = 14.0.25420.1
MinimumVisualStudioVersion = 10.0.40219.1
Project("{FAE04EC0-301F-11D3-BF4B-00C04F79EFBC}") = "P01.ReverseNumbersStack", "P01.ReverseNumbersStack\P01.ReverseNumbersStack.csproj", "{73041370-F95D-4747-8333-22EB4D9C27EB}"
EndProject
Project("{FAE04EC0-301F-11D3-BF4B-00C04F79EFBC}") = "P02.Sequence", "P02.Sequence\P02.Sequence.csproj", "{E5F9C832-3DAB-4F5A-A5E2-BE6B61C90F63}"
EndProject
Project("{FAE04EC0-301F-11D3-BF4B-00C04F79EFBC}") = "P03.ArrayStack", "P03.ArrayStack\P03.ArrayStack.csproj", "{542CAA98-FCDE-42FE-8D9D-B13EED00EFFD}"
EndProject
Project("{FAE04EC0-301F-11D3-BF4B-00C04F79EFBC}") = "P04.LinkedStack", "P04.LinkedStack\P04.LinkedStack.csproj", "{05D3C78F-2755-4684-BEB7-2850B11FA765}"
EndProject
Project("{FAE04EC0-301F-11D3-BF4B-00C04F79EFBC}") = "P05.LinkedQueue", "P05.LinkedQueue\P05.LinkedQueue.csproj", "{BE3ECDD2-CBB6-4E63-A968-A17185974282}"
EndProject
Global
	GlobalSection(SolutionConfigurationPlatforms) = preSolution
		Debug|Any CPU = Debug|Any CPU
		Release|Any CPU = Release|Any CPU
	EndGlobalSection
	GlobalSection(ProjectConfigurationPlatforms) = postSolution
		{73041370-F95D-4747-8333-22EB4D9C27EB}.Debug|Any CPU.ActiveCfg = Debug|Any CPU
		{73041370-F95D-4747-8333-22EB4D9C27EB}.Debug|Any CPU.Build.0 = Debug|Any CPU
		{73041370-F95D-4747-8333-22EB4D9C27EB}.Release|Any CPU.ActiveCfg = Release|Any CPU
		{73041370-F95D-4747-8333-22EB4D9C27EB}.Release|Any CPU.Build.0 = Release|Any CPU
		{E5F9C832-3DAB-4F5A-A5E2-BE6B61C90F63}.Debug|Any CPU.ActiveCfg = Debug|Any CPU
		{E5F9C832-3DAB-4F5A-A5E2-BE6B61C90F63}.Debug|Any CPU.Build.0 = Debug|Any CPU
		{E5F9C832-3DAB-4F5A-A5E2-BE6B61C90F63}.Release|Any CPU.ActiveCfg = Release|Any CPU
		{E5F9C832-3DAB-4F5A-A5E2-BE6B61C90F63}.Release|Any CPU.Build.0 = Release|Any CPU
		{542CAA98-FCDE-42FE-8D9D-B13EED00EFFD}.Debug|Any CPU.ActiveCfg = Debug|Any CPU
		{542CAA98-FCDE-42FE-8D9D-B13EED00EFFD}.Debug|Any CPU.Build.0 = Debug|Any CPU
		{542CAA98-FCDE-42FE-8D9D-B13EED00EFFD}.Release|Any CPU.ActiveCfg = Release|Any CPU
		{542CAA98-FCDE-42FE-8D9D-B13EED00EFFD}.Release|Any CPU.Build.0 = Release|Any CPU
		{05D3C78F-2755-4684-BEB7-2850B11FA765}.Debug|Any CPU.ActiveCfg = Debug|Any CPU
		{05D3C78F-2755-4684-BEB7-2850B11FA765}.Debug|Any CPU.Build.0 = Debug|Any CPU
		{05D3C78F-2755-4684-BEB7-2850B11FA765}.Release|Any CPU.ActiveCfg = Release|Any CPU
		{05D3C78F-2755-4684-BEB7-2850B11FA765}.Release|Any CPU.Build.0 = Release|Any CPU
		{BE3ECDD2-CBB6-4E63-A968-A17185974282}.Debug|Any CPU.ActiveCfg = Debug|Any CPU
		{BE3ECDD2-CBB6-4E63-A968-A17185974282}.Debug|Any CPU.Build.0 = Debug|Any CPU
		{BE3ECDD2-CBB6-4E63-A968-A17185974282}.Release|Any CPU.ActiveCfg = Release|Any CPU
		{BE3ECDD2-CBB6-4E63-A968-A17185974282}.Release|Any CPU.Build.0 = Release|Any CPU
	EndGlobalSection
	GlobalSection(SolutionProperties) = preSolution
		HideSolutionNode = FALSE
	EndGlobalSection
EndGlobal
