
Microsoft Visual Studio Solution File, Format Version 12.00
# Visual Studio 14
VisualStudioVersion = 14.0.25420.1
MinimumVisualStudioVersion = 10.0.40219.1
Project("{FAE04EC0-301F-11D3-BF4B-00C04F79EFBC}") = "Organization", "Organization\Organization.csproj", "{27AB6708-D5CB-450F-8196-AD92EDD14F64}"
EndProject
Project("{FAE04EC0-301F-11D3-BF4B-00C04F79EFBC}") = "Enterprise", "..\Enterprize\Enterprise.csproj", "{CE5A5B7E-2092-4AC0-A208-A07F50BC78DC}"
EndProject
Project("{FAE04EC0-301F-11D3-BF4B-00C04F79EFBC}") = "LimitedMemory", "LimitedMemory\LimitedMemory.csproj", "{CBFD8EF3-907B-43D5-A731-CECA8FB26A52}"
EndProject
Global
	GlobalSection(SolutionConfigurationPlatforms) = preSolution
		Debug|Any CPU = Debug|Any CPU
		Release|Any CPU = Release|Any CPU
	EndGlobalSection
	GlobalSection(ProjectConfigurationPlatforms) = postSolution
		{27AB6708-D5CB-450F-8196-AD92EDD14F64}.Debug|Any CPU.ActiveCfg = Debug|Any CPU
		{27AB6708-D5CB-450F-8196-AD92EDD14F64}.Debug|Any CPU.Build.0 = Debug|Any CPU
		{27AB6708-D5CB-450F-8196-AD92EDD14F64}.Release|Any CPU.ActiveCfg = Release|Any CPU
		{27AB6708-D5CB-450F-8196-AD92EDD14F64}.Release|Any CPU.Build.0 = Release|Any CPU
		{CE5A5B7E-2092-4AC0-A208-A07F50BC78DC}.Debug|Any CPU.ActiveCfg = Debug|Any CPU
		{CE5A5B7E-2092-4AC0-A208-A07F50BC78DC}.Debug|Any CPU.Build.0 = Debug|Any CPU
		{CE5A5B7E-2092-4AC0-A208-A07F50BC78DC}.Release|Any CPU.ActiveCfg = Release|Any CPU
		{CE5A5B7E-2092-4AC0-A208-A07F50BC78DC}.Release|Any CPU.Build.0 = Release|Any CPU
		{CBFD8EF3-907B-43D5-A731-CECA8FB26A52}.Debug|Any CPU.ActiveCfg = Debug|Any CPU
		{CBFD8EF3-907B-43D5-A731-CECA8FB26A52}.Debug|Any CPU.Build.0 = Debug|Any CPU
		{CBFD8EF3-907B-43D5-A731-CECA8FB26A52}.Release|Any CPU.ActiveCfg = Release|Any CPU
		{CBFD8EF3-907B-43D5-A731-CECA8FB26A52}.Release|Any CPU.Build.0 = Release|Any CPU
	EndGlobalSection
	GlobalSection(SolutionProperties) = preSolution
		HideSolutionNode = FALSE
	EndGlobalSection
EndGlobal
