
Microsoft Visual Studio Solution File, Format Version 12.00
# Visual Studio 15
VisualStudioVersion = 15.0.27428.2002
MinimumVisualStudioVersion = 10.0.40219.1
Project("{FAE04EC0-301F-11D3-BF4B-00C04F79EFBC}") = "Vidly", "Vidly\Vidly.csproj", "{DBF3A322-973A-46DB-ADD2-9852F7019A3B}"
EndProject
Global
	GlobalSection(SolutionConfigurationPlatforms) = preSolution
		Debug|Any CPU = Debug|Any CPU
		Release|Any CPU = Release|Any CPU
	EndGlobalSection
	GlobalSection(ProjectConfigurationPlatforms) = postSolution
		{DBF3A322-973A-46DB-ADD2-9852F7019A3B}.Debug|Any CPU.ActiveCfg = Debug|Any CPU
		{DBF3A322-973A-46DB-ADD2-9852F7019A3B}.Debug|Any CPU.Build.0 = Debug|Any CPU
		{DBF3A322-973A-46DB-ADD2-9852F7019A3B}.Release|Any CPU.ActiveCfg = Release|Any CPU
		{DBF3A322-973A-46DB-ADD2-9852F7019A3B}.Release|Any CPU.Build.0 = Release|Any CPU
	EndGlobalSection
	GlobalSection(SolutionProperties) = preSolution
		HideSolutionNode = FALSE
	EndGlobalSection
	GlobalSection(ExtensibilityGlobals) = postSolution
		SolutionGuid = {520503A3-7192-4348-8710-276B2D82222B}
	EndGlobalSection
EndGlobal
