
Microsoft Visual Studio Solution File, Format Version 12.00
# Visual Studio 15
VisualStudioVersion = 15.0.27428.2002
MinimumVisualStudioVersion = 10.0.40219.1
Project("{9A19103F-16F7-4668-BE54-9A1E7A4F7556}") = "P01.Fibonacci", "P01.Fibonacci\P01.Fibonacci.csproj", "{CE343249-BCF0-48BD-ABCC-31CC8873CA57}"
EndProject
Project("{9A19103F-16F7-4668-BE54-9A1E7A4F7556}") = "P02.LongestIncreasingSubsequence", "P02.LongestIncreasingSubsequence\P02.LongestIncreasingSubsequence.csproj", "{DA34DAB2-CFDB-46CB-BF0E-DCB0BFF829E4}"
EndProject
Project("{9A19103F-16F7-4668-BE54-9A1E7A4F7556}") = "P03.MoveDownRight", "P03.MoveDownRight\P03.MoveDownRight.csproj", "{2D401DE2-ACB5-43EC-A670-C79CAF3DFE7D}"
EndProject
Project("{FAE04EC0-301F-11D3-BF4B-00C04F79EFBC}") = "P04.Rope", "P04.Rope\P04.Rope.csproj", "{F25FEB1E-D70E-4C1A-9193-44A4EC37D1F3}"
EndProject
Global
	GlobalSection(SolutionConfigurationPlatforms) = preSolution
		Debug|Any CPU = Debug|Any CPU
		Release|Any CPU = Release|Any CPU
	EndGlobalSection
	GlobalSection(ProjectConfigurationPlatforms) = postSolution
		{CE343249-BCF0-48BD-ABCC-31CC8873CA57}.Debug|Any CPU.ActiveCfg = Debug|Any CPU
		{CE343249-BCF0-48BD-ABCC-31CC8873CA57}.Debug|Any CPU.Build.0 = Debug|Any CPU
		{CE343249-BCF0-48BD-ABCC-31CC8873CA57}.Release|Any CPU.ActiveCfg = Release|Any CPU
		{CE343249-BCF0-48BD-ABCC-31CC8873CA57}.Release|Any CPU.Build.0 = Release|Any CPU
		{DA34DAB2-CFDB-46CB-BF0E-DCB0BFF829E4}.Debug|Any CPU.ActiveCfg = Debug|Any CPU
		{DA34DAB2-CFDB-46CB-BF0E-DCB0BFF829E4}.Debug|Any CPU.Build.0 = Debug|Any CPU
		{DA34DAB2-CFDB-46CB-BF0E-DCB0BFF829E4}.Release|Any CPU.ActiveCfg = Release|Any CPU
		{DA34DAB2-CFDB-46CB-BF0E-DCB0BFF829E4}.Release|Any CPU.Build.0 = Release|Any CPU
		{2D401DE2-ACB5-43EC-A670-C79CAF3DFE7D}.Debug|Any CPU.ActiveCfg = Debug|Any CPU
		{2D401DE2-ACB5-43EC-A670-C79CAF3DFE7D}.Debug|Any CPU.Build.0 = Debug|Any CPU
		{2D401DE2-ACB5-43EC-A670-C79CAF3DFE7D}.Release|Any CPU.ActiveCfg = Release|Any CPU
		{2D401DE2-ACB5-43EC-A670-C79CAF3DFE7D}.Release|Any CPU.Build.0 = Release|Any CPU
		{F25FEB1E-D70E-4C1A-9193-44A4EC37D1F3}.Debug|Any CPU.ActiveCfg = Debug|Any CPU
		{F25FEB1E-D70E-4C1A-9193-44A4EC37D1F3}.Debug|Any CPU.Build.0 = Debug|Any CPU
		{F25FEB1E-D70E-4C1A-9193-44A4EC37D1F3}.Release|Any CPU.ActiveCfg = Release|Any CPU
		{F25FEB1E-D70E-4C1A-9193-44A4EC37D1F3}.Release|Any CPU.Build.0 = Release|Any CPU
	EndGlobalSection
	GlobalSection(SolutionProperties) = preSolution
		HideSolutionNode = FALSE
	EndGlobalSection
	GlobalSection(ExtensibilityGlobals) = postSolution
		SolutionGuid = {BDBCF3AD-005C-42CB-9026-8521482B49B2}
	EndGlobalSection
EndGlobal
