
Microsoft Visual Studio Solution File, Format Version 12.00
# Visual Studio 14
VisualStudioVersion = 14.0.25420.1
MinimumVisualStudioVersion = 10.0.40219.1
Project("{FAE04EC0-301F-11D3-BF4B-00C04F79EFBC}") = "StartUp", "StartUp\StartUp.csproj", "{6C96CBC7-30AA-48DD-9C8C-566B613068FD}"
EndProject
Project("{FAE04EC0-301F-11D3-BF4B-00C04F79EFBC}") = "KingsGambit", "KingsGambit\KingsGambit.csproj", "{2A00565D-5155-4D91-A3B7-A611389DB6F2}"
EndProject
Global
	GlobalSection(SolutionConfigurationPlatforms) = preSolution
		Debug|Any CPU = Debug|Any CPU
		Release|Any CPU = Release|Any CPU
	EndGlobalSection
	GlobalSection(ProjectConfigurationPlatforms) = postSolution
		{6C96CBC7-30AA-48DD-9C8C-566B613068FD}.Debug|Any CPU.ActiveCfg = Debug|Any CPU
		{6C96CBC7-30AA-48DD-9C8C-566B613068FD}.Debug|Any CPU.Build.0 = Debug|Any CPU
		{6C96CBC7-30AA-48DD-9C8C-566B613068FD}.Release|Any CPU.ActiveCfg = Release|Any CPU
		{6C96CBC7-30AA-48DD-9C8C-566B613068FD}.Release|Any CPU.Build.0 = Release|Any CPU
		{2A00565D-5155-4D91-A3B7-A611389DB6F2}.Debug|Any CPU.ActiveCfg = Debug|Any CPU
		{2A00565D-5155-4D91-A3B7-A611389DB6F2}.Debug|Any CPU.Build.0 = Debug|Any CPU
		{2A00565D-5155-4D91-A3B7-A611389DB6F2}.Release|Any CPU.ActiveCfg = Release|Any CPU
		{2A00565D-5155-4D91-A3B7-A611389DB6F2}.Release|Any CPU.Build.0 = Release|Any CPU
	EndGlobalSection
	GlobalSection(SolutionProperties) = preSolution
		HideSolutionNode = FALSE
	EndGlobalSection
EndGlobal
